// !$*UTF8*$!
{
	archiveVersion = 1;
	classes = {
	};
	objectVersion = 52;
	objects = {

/* Begin PBXBuildFile section */
		880697952663E2C600BF45C3 /* HistoryItem.swift in Sources */ = {isa = PBXBuildFile; fileRef = 880697942663E2C500BF45C3 /* HistoryItem.swift */; };
		880D328226639CAA0061C054 /* HistoryCollectionViewCell.swift in Sources */ = {isa = PBXBuildFile; fileRef = 880D328126639CAA0061C054 /* HistoryCollectionViewCell.swift */; };
		880D32862663D80F0061C054 /* UIColor+Extension.swift in Sources */ = {isa = PBXBuildFile; fileRef = 880D32852663D80F0061C054 /* UIColor+Extension.swift */; };
		882F09482664B85A00228878 /* BottomSheetViewController.swift in Sources */ = {isa = PBXBuildFile; fileRef = 882F09472664B85A00228878 /* BottomSheetViewController.swift */; };
		883A20E62667991A00C8C950 /* UIImage+Extension.swift in Sources */ = {isa = PBXBuildFile; fileRef = 883A20E52667991A00C8C950 /* UIImage+Extension.swift */; };
		883A20E92667D69E00C8C950 /* RealmService.swift in Sources */ = {isa = PBXBuildFile; fileRef = 883A20E82667D69E00C8C950 /* RealmService.swift */; };
		883A20EE2667D92300C8C950 /* RxRealm in Frameworks */ = {isa = PBXBuildFile; productRef = 883A20ED2667D92300C8C950 /* RxRealm */; };
		883C16B82663812000C5D0A7 /* TranslateResponse.swift in Sources */ = {isa = PBXBuildFile; fileRef = 883C16B72663812000C5D0A7 /* TranslateResponse.swift */; };
		88BCA6302660C27700E59328 /* AppDelegate.swift in Sources */ = {isa = PBXBuildFile; fileRef = 88BCA62F2660C27700E59328 /* AppDelegate.swift */; };
		88BCA6322660C27700E59328 /* SceneDelegate.swift in Sources */ = {isa = PBXBuildFile; fileRef = 88BCA6312660C27700E59328 /* SceneDelegate.swift */; };
		88BCA6392660C27A00E59328 /* Assets.xcassets in Resources */ = {isa = PBXBuildFile; fileRef = 88BCA6382660C27A00E59328 /* Assets.xcassets */; };
		88BCA63C2660C27A00E59328 /* LaunchScreen.storyboard in Resources */ = {isa = PBXBuildFile; fileRef = 88BCA63A2660C27A00E59328 /* LaunchScreen.storyboard */; };
		88FDEA6D26637036006F2060 /* Coordinator.swift in Sources */ = {isa = PBXBuildFile; fileRef = 88FDEA6C26637036006F2060 /* Coordinator.swift */; };
		88FDEA7026637092006F2060 /* AppCoordinator.swift in Sources */ = {isa = PBXBuildFile; fileRef = 88FDEA6F26637092006F2060 /* AppCoordinator.swift */; };
		88FDEA85266374EC006F2060 /* Moya in Frameworks */ = {isa = PBXBuildFile; productRef = 88FDEA84266374EC006F2060 /* Moya */; };
		88FDEA87266374EC006F2060 /* RxMoya in Frameworks */ = {isa = PBXBuildFile; productRef = 88FDEA86266374EC006F2060 /* RxMoya */; };
		88FDEA8B266375AA006F2060 /* SnapKit in Frameworks */ = {isa = PBXBuildFile; productRef = 88FDEA8A266375AA006F2060 /* SnapKit */; };
		88FDEA9226637669006F2060 /* TranslateViewController.swift in Sources */ = {isa = PBXBuildFile; fileRef = 88FDEA9126637669006F2060 /* TranslateViewController.swift */; };
		88FDEA97266376C4006F2060 /* TranslateViewModel.swift in Sources */ = {isa = PBXBuildFile; fileRef = 88FDEA96266376C4006F2060 /* TranslateViewModel.swift */; };
		88FDEA9F26637C0F006F2060 /* NetworkService.swift in Sources */ = {isa = PBXBuildFile; fileRef = 88FDEA9E26637C0F006F2060 /* NetworkService.swift */; };
		88FF3FCE26638E3A00152989 /* RxCocoa in Frameworks */ = {isa = PBXBuildFile; productRef = 88FF3FCD26638E3A00152989 /* RxCocoa */; };
		88FF3FD026638E3A00152989 /* RxSwift in Frameworks */ = {isa = PBXBuildFile; productRef = 88FF3FCF26638E3A00152989 /* RxSwift */; };
/* End PBXBuildFile section */

/* Begin PBXFileReference section */
		880697942663E2C500BF45C3 /* HistoryItem.swift */ = {isa = PBXFileReference; lastKnownFileType = sourcecode.swift; path = HistoryItem.swift; sourceTree = "<group>"; };
		880D328126639CAA0061C054 /* HistoryCollectionViewCell.swift */ = {isa = PBXFileReference; lastKnownFileType = sourcecode.swift; path = HistoryCollectionViewCell.swift; sourceTree = "<group>"; };
		880D32852663D80F0061C054 /* UIColor+Extension.swift */ = {isa = PBXFileReference; lastKnownFileType = sourcecode.swift; path = "UIColor+Extension.swift"; sourceTree = "<group>"; };
		882F09472664B85A00228878 /* BottomSheetViewController.swift */ = {isa = PBXFileReference; lastKnownFileType = sourcecode.swift; path = BottomSheetViewController.swift; sourceTree = "<group>"; };
		883A20E52667991A00C8C950 /* UIImage+Extension.swift */ = {isa = PBXFileReference; lastKnownFileType = sourcecode.swift; path = "UIImage+Extension.swift"; sourceTree = "<group>"; };
		883A20E82667D69E00C8C950 /* RealmService.swift */ = {isa = PBXFileReference; lastKnownFileType = sourcecode.swift; path = RealmService.swift; sourceTree = "<group>"; };
		883C16B72663812000C5D0A7 /* TranslateResponse.swift */ = {isa = PBXFileReference; lastKnownFileType = sourcecode.swift; path = TranslateResponse.swift; sourceTree = "<group>"; };
		88BCA62C2660C27700E59328 /* Valtranslate.app */ = {isa = PBXFileReference; explicitFileType = wrapper.application; includeInIndex = 0; path = Valtranslate.app; sourceTree = BUILT_PRODUCTS_DIR; };
		88BCA62F2660C27700E59328 /* AppDelegate.swift */ = {isa = PBXFileReference; lastKnownFileType = sourcecode.swift; path = AppDelegate.swift; sourceTree = "<group>"; };
		88BCA6312660C27700E59328 /* SceneDelegate.swift */ = {isa = PBXFileReference; lastKnownFileType = sourcecode.swift; path = SceneDelegate.swift; sourceTree = "<group>"; };
		88BCA6382660C27A00E59328 /* Assets.xcassets */ = {isa = PBXFileReference; lastKnownFileType = folder.assetcatalog; path = Assets.xcassets; sourceTree = "<group>"; };
		88BCA63B2660C27A00E59328 /* Base */ = {isa = PBXFileReference; lastKnownFileType = file.storyboard; name = Base; path = Base.lproj/LaunchScreen.storyboard; sourceTree = "<group>"; };
		88BCA63D2660C27A00E59328 /* Info.plist */ = {isa = PBXFileReference; lastKnownFileType = text.plist.xml; path = Info.plist; sourceTree = "<group>"; };
		88FDEA6C26637036006F2060 /* Coordinator.swift */ = {isa = PBXFileReference; lastKnownFileType = sourcecode.swift; path = Coordinator.swift; sourceTree = "<group>"; };
		88FDEA6F26637092006F2060 /* AppCoordinator.swift */ = {isa = PBXFileReference; lastKnownFileType = sourcecode.swift; path = AppCoordinator.swift; sourceTree = "<group>"; };
		88FDEA9126637669006F2060 /* TranslateViewController.swift */ = {isa = PBXFileReference; lastKnownFileType = sourcecode.swift; path = TranslateViewController.swift; sourceTree = "<group>"; };
		88FDEA96266376C4006F2060 /* TranslateViewModel.swift */ = {isa = PBXFileReference; lastKnownFileType = sourcecode.swift; path = TranslateViewModel.swift; sourceTree = "<group>"; };
		88FDEA9E26637C0F006F2060 /* NetworkService.swift */ = {isa = PBXFileReference; lastKnownFileType = sourcecode.swift; path = NetworkService.swift; sourceTree = "<group>"; };
/* End PBXFileReference section */

/* Begin PBXFrameworksBuildPhase section */
		88BCA6292660C27700E59328 /* Frameworks */ = {
			isa = PBXFrameworksBuildPhase;
			buildActionMask = 2147483647;
			files = (
				883A20EE2667D92300C8C950 /* RxRealm in Frameworks */,
				88FDEA8B266375AA006F2060 /* SnapKit in Frameworks */,
				88FDEA85266374EC006F2060 /* Moya in Frameworks */,
				88FF3FD026638E3A00152989 /* RxSwift in Frameworks */,
				88FF3FCE26638E3A00152989 /* RxCocoa in Frameworks */,
				88FDEA87266374EC006F2060 /* RxMoya in Frameworks */,
			);
			runOnlyForDeploymentPostprocessing = 0;
		};
/* End PBXFrameworksBuildPhase section */

/* Begin PBXGroup section */
		880D32842663D8020061C054 /* Extensions */ = {
			isa = PBXGroup;
			children = (
				880D32852663D80F0061C054 /* UIColor+Extension.swift */,
				883A20E52667991A00C8C950 /* UIImage+Extension.swift */,
			);
			path = Extensions;
			sourceTree = "<group>";
		};
		883C16B62663810400C5D0A7 /* Model */ = {
			isa = PBXGroup;
			children = (
				883C16B72663812000C5D0A7 /* TranslateResponse.swift */,
				880697942663E2C500BF45C3 /* HistoryItem.swift */,
			);
			path = Model;
			sourceTree = "<group>";
		};
		88975D392667920100BFE3DF /* App */ = {
			isa = PBXGroup;
			children = (
				88FDEA6C26637036006F2060 /* Coordinator.swift */,
				88FDEA6F26637092006F2060 /* AppCoordinator.swift */,
			);
			path = App;
			sourceTree = "<group>";
		};
		88BCA6232660C27700E59328 = {
			isa = PBXGroup;
			children = (
				88BCA62E2660C27700E59328 /* Valtranslate */,
				88BCA62D2660C27700E59328 /* Products */,
			);
			sourceTree = "<group>";
		};
		88BCA62D2660C27700E59328 /* Products */ = {
			isa = PBXGroup;
			children = (
				88BCA62C2660C27700E59328 /* Valtranslate.app */,
			);
			name = Products;
			sourceTree = "<group>";
		};
		88BCA62E2660C27700E59328 /* Valtranslate */ = {
			isa = PBXGroup;
			children = (
				88C413D3266794670005809F /* SupportFiles */,
				88975D392667920100BFE3DF /* App */,
				880D32842663D8020061C054 /* Extensions */,
				883C16B62663810400C5D0A7 /* Model */,
				88FDEA9D26637BFE006F2060 /* ServiceLayer */,
				88FDEA8D2663763B006F2060 /* TranslateModule */,
				88BCA63D2660C27A00E59328 /* Info.plist */,
			);
			path = Valtranslate;
			sourceTree = "<group>";
		};
		88C413D3266794670005809F /* SupportFiles */ = {
			isa = PBXGroup;
			children = (
				88BCA62F2660C27700E59328 /* AppDelegate.swift */,
				88BCA6312660C27700E59328 /* SceneDelegate.swift */,
				88BCA63A2660C27A00E59328 /* LaunchScreen.storyboard */,
				88BCA6382660C27A00E59328 /* Assets.xcassets */,
			);
			path = SupportFiles;
			sourceTree = "<group>";
		};
		88FDEA8D2663763B006F2060 /* TranslateModule */ = {
			isa = PBXGroup;
			children = (
				88FDEA9526637673006F2060 /* ViewModel */,
				88FDEA942663766E006F2060 /* View */,
			);
			path = TranslateModule;
			sourceTree = "<group>";
		};
		88FDEA942663766E006F2060 /* View */ = {
			isa = PBXGroup;
			children = (
				88FDEA9126637669006F2060 /* TranslateViewController.swift */,
				880D328126639CAA0061C054 /* HistoryCollectionViewCell.swift */,
				882F09472664B85A00228878 /* BottomSheetViewController.swift */,
			);
			path = View;
			sourceTree = "<group>";
		};
		88FDEA9526637673006F2060 /* ViewModel */ = {
			isa = PBXGroup;
			children = (
				88FDEA96266376C4006F2060 /* TranslateViewModel.swift */,
			);
			path = ViewModel;
			sourceTree = "<group>";
		};
		88FDEA9D26637BFE006F2060 /* ServiceLayer */ = {
			isa = PBXGroup;
			children = (
				88FDEA9E26637C0F006F2060 /* NetworkService.swift */,
				883A20E82667D69E00C8C950 /* RealmService.swift */,
			);
			path = ServiceLayer;
			sourceTree = "<group>";
		};
/* End PBXGroup section */

/* Begin PBXNativeTarget section */
		88BCA62B2660C27700E59328 /* Valtranslate */ = {
			isa = PBXNativeTarget;
			buildConfigurationList = 88BCA6402660C27A00E59328 /* Build configuration list for PBXNativeTarget "Valtranslate" */;
			buildPhases = (
				88BCA6282660C27700E59328 /* Sources */,
				88BCA6292660C27700E59328 /* Frameworks */,
				88BCA62A2660C27700E59328 /* Resources */,
			);
			buildRules = (
			);
			dependencies = (
			);
			name = Valtranslate;
			packageProductDependencies = (
				88FDEA84266374EC006F2060 /* Moya */,
				88FDEA86266374EC006F2060 /* RxMoya */,
				88FDEA8A266375AA006F2060 /* SnapKit */,
				88FF3FCD26638E3A00152989 /* RxCocoa */,
				88FF3FCF26638E3A00152989 /* RxSwift */,
				883A20ED2667D92300C8C950 /* RxRealm */,
			);
			productName = Valtranslate;
			productReference = 88BCA62C2660C27700E59328 /* Valtranslate.app */;
			productType = "com.apple.product-type.application";
		};
/* End PBXNativeTarget section */

/* Begin PBXProject section */
		88BCA6242660C27700E59328 /* Project object */ = {
			isa = PBXProject;
			attributes = {
				LastSwiftUpdateCheck = 1230;
				LastUpgradeCheck = 1230;
				TargetAttributes = {
					88BCA62B2660C27700E59328 = {
						CreatedOnToolsVersion = 12.3;
					};
				};
			};
			buildConfigurationList = 88BCA6272660C27700E59328 /* Build configuration list for PBXProject "Valtranslate" */;
			compatibilityVersion = "Xcode 9.3";
			developmentRegion = en;
			hasScannedForEncodings = 0;
			knownRegions = (
				en,
				Base,
			);
			mainGroup = 88BCA6232660C27700E59328;
			packageReferences = (
				88FDEA83266374EC006F2060 /* XCRemoteSwiftPackageReference "Moya" */,
				88FDEA89266375AA006F2060 /* XCRemoteSwiftPackageReference "SnapKit" */,
				88FF3FCC26638E3A00152989 /* XCRemoteSwiftPackageReference "RxSwift" */,
				883A20EC2667D92300C8C950 /* XCRemoteSwiftPackageReference "RxRealm" */,
			);
			productRefGroup = 88BCA62D2660C27700E59328 /* Products */;
			projectDirPath = "";
			projectRoot = "";
			targets = (
				88BCA62B2660C27700E59328 /* Valtranslate */,
			);
		};
/* End PBXProject section */

/* Begin PBXResourcesBuildPhase section */
		88BCA62A2660C27700E59328 /* Resources */ = {
			isa = PBXResourcesBuildPhase;
			buildActionMask = 2147483647;
			files = (
				88BCA63C2660C27A00E59328 /* LaunchScreen.storyboard in Resources */,
				88BCA6392660C27A00E59328 /* Assets.xcassets in Resources */,
			);
			runOnlyForDeploymentPostprocessing = 0;
		};
/* End PBXResourcesBuildPhase section */

/* Begin PBXSourcesBuildPhase section */
		88BCA6282660C27700E59328 /* Sources */ = {
			isa = PBXSourcesBuildPhase;
			buildActionMask = 2147483647;
			files = (
				883A20E62667991A00C8C950 /* UIImage+Extension.swift in Sources */,
				88FDEA6D26637036006F2060 /* Coordinator.swift in Sources */,
				88FDEA97266376C4006F2060 /* TranslateViewModel.swift in Sources */,
				88FDEA9226637669006F2060 /* TranslateViewController.swift in Sources */,
				880697952663E2C600BF45C3 /* HistoryItem.swift in Sources */,
				88FDEA9F26637C0F006F2060 /* NetworkService.swift in Sources */,
				88FDEA7026637092006F2060 /* AppCoordinator.swift in Sources */,
				880D328226639CAA0061C054 /* HistoryCollectionViewCell.swift in Sources */,
				882F09482664B85A00228878 /* BottomSheetViewController.swift in Sources */,
				883A20E92667D69E00C8C950 /* RealmService.swift in Sources */,
				88BCA6302660C27700E59328 /* AppDelegate.swift in Sources */,
				88BCA6322660C27700E59328 /* SceneDelegate.swift in Sources */,
				883C16B82663812000C5D0A7 /* TranslateResponse.swift in Sources */,
				880D32862663D80F0061C054 /* UIColor+Extension.swift in Sources */,
			);
			runOnlyForDeploymentPostprocessing = 0;
		};
/* End PBXSourcesBuildPhase section */

/* Begin PBXVariantGroup section */
		88BCA63A2660C27A00E59328 /* LaunchScreen.storyboard */ = {
			isa = PBXVariantGroup;
			children = (
				88BCA63B2660C27A00E59328 /* Base */,
			);
			name = LaunchScreen.storyboard;
			sourceTree = "<group>";
		};
/* End PBXVariantGroup section */

/* Begin XCBuildConfiguration section */
		88BCA63E2660C27A00E59328 /* Debug */ = {
			isa = XCBuildConfiguration;
			buildSettings = {
				ALWAYS_SEARCH_USER_PATHS = NO;
				CLANG_ANALYZER_NONNULL = YES;
				CLANG_ANALYZER_NUMBER_OBJECT_CONVERSION = YES_AGGRESSIVE;
				CLANG_CXX_LANGUAGE_STANDARD = "gnu++14";
				CLANG_CXX_LIBRARY = "libc++";
				CLANG_ENABLE_MODULES = YES;
				CLANG_ENABLE_OBJC_ARC = YES;
				CLANG_ENABLE_OBJC_WEAK = YES;
				CLANG_WARN_BLOCK_CAPTURE_AUTORELEASING = YES;
				CLANG_WARN_BOOL_CONVERSION = YES;
				CLANG_WARN_COMMA = YES;
				CLANG_WARN_CONSTANT_CONVERSION = YES;
				CLANG_WARN_DEPRECATED_OBJC_IMPLEMENTATIONS = YES;
				CLANG_WARN_DIRECT_OBJC_ISA_USAGE = YES_ERROR;
				CLANG_WARN_DOCUMENTATION_COMMENTS = YES;
				CLANG_WARN_EMPTY_BODY = YES;
				CLANG_WARN_ENUM_CONVERSION = YES;
				CLANG_WARN_INFINITE_RECURSION = YES;
				CLANG_WARN_INT_CONVERSION = YES;
				CLANG_WARN_NON_LITERAL_NULL_CONVERSION = YES;
				CLANG_WARN_OBJC_IMPLICIT_RETAIN_SELF = YES;
				CLANG_WARN_OBJC_LITERAL_CONVERSION = YES;
				CLANG_WARN_OBJC_ROOT_CLASS = YES_ERROR;
				CLANG_WARN_QUOTED_INCLUDE_IN_FRAMEWORK_HEADER = YES;
				CLANG_WARN_RANGE_LOOP_ANALYSIS = YES;
				CLANG_WARN_STRICT_PROTOTYPES = YES;
				CLANG_WARN_SUSPICIOUS_MOVE = YES;
				CLANG_WARN_UNGUARDED_AVAILABILITY = YES_AGGRESSIVE;
				CLANG_WARN_UNREACHABLE_CODE = YES;
				CLANG_WARN__DUPLICATE_METHOD_MATCH = YES;
				COPY_PHASE_STRIP = NO;
				DEBUG_INFORMATION_FORMAT = dwarf;
				ENABLE_STRICT_OBJC_MSGSEND = YES;
				ENABLE_TESTABILITY = YES;
				GCC_C_LANGUAGE_STANDARD = gnu11;
				GCC_DYNAMIC_NO_PIC = NO;
				GCC_NO_COMMON_BLOCKS = YES;
				GCC_OPTIMIZATION_LEVEL = 0;
				GCC_PREPROCESSOR_DEFINITIONS = (
					"DEBUG=1",
					"$(inherited)",
				);
				GCC_WARN_64_TO_32_BIT_CONVERSION = YES;
				GCC_WARN_ABOUT_RETURN_TYPE = YES_ERROR;
				GCC_WARN_UNDECLARED_SELECTOR = YES;
				GCC_WARN_UNINITIALIZED_AUTOS = YES_AGGRESSIVE;
				GCC_WARN_UNUSED_FUNCTION = YES;
				GCC_WARN_UNUSED_VARIABLE = YES;
				IPHONEOS_DEPLOYMENT_TARGET = 14.3;
				MTL_ENABLE_DEBUG_INFO = INCLUDE_SOURCE;
				MTL_FAST_MATH = YES;
				ONLY_ACTIVE_ARCH = YES;
				SDKROOT = iphoneos;
				SWIFT_ACTIVE_COMPILATION_CONDITIONS = DEBUG;
				SWIFT_OPTIMIZATION_LEVEL = "-Onone";
			};
			name = Debug;
		};
		88BCA63F2660C27A00E59328 /* Release */ = {
			isa = XCBuildConfiguration;
			buildSettings = {
				ALWAYS_SEARCH_USER_PATHS = NO;
				CLANG_ANALYZER_NONNULL = YES;
				CLANG_ANALYZER_NUMBER_OBJECT_CONVERSION = YES_AGGRESSIVE;
				CLANG_CXX_LANGUAGE_STANDARD = "gnu++14";
				CLANG_CXX_LIBRARY = "libc++";
				CLANG_ENABLE_MODULES = YES;
				CLANG_ENABLE_OBJC_ARC = YES;
				CLANG_ENABLE_OBJC_WEAK = YES;
				CLANG_WARN_BLOCK_CAPTURE_AUTORELEASING = YES;
				CLANG_WARN_BOOL_CONVERSION = YES;
				CLANG_WARN_COMMA = YES;
				CLANG_WARN_CONSTANT_CONVERSION = YES;
				CLANG_WARN_DEPRECATED_OBJC_IMPLEMENTATIONS = YES;
				CLANG_WARN_DIRECT_OBJC_ISA_USAGE = YES_ERROR;
				CLANG_WARN_DOCUMENTATION_COMMENTS = YES;
				CLANG_WARN_EMPTY_BODY = YES;
				CLANG_WARN_ENUM_CONVERSION = YES;
				CLANG_WARN_INFINITE_RECURSION = YES;
				CLANG_WARN_INT_CONVERSION = YES;
				CLANG_WARN_NON_LITERAL_NULL_CONVERSION = YES;
				CLANG_WARN_OBJC_IMPLICIT_RETAIN_SELF = YES;
				CLANG_WARN_OBJC_LITERAL_CONVERSION = YES;
				CLANG_WARN_OBJC_ROOT_CLASS = YES_ERROR;
				CLANG_WARN_QUOTED_INCLUDE_IN_FRAMEWORK_HEADER = YES;
				CLANG_WARN_RANGE_LOOP_ANALYSIS = YES;
				CLANG_WARN_STRICT_PROTOTYPES = YES;
				CLANG_WARN_SUSPICIOUS_MOVE = YES;
				CLANG_WARN_UNGUARDED_AVAILABILITY = YES_AGGRESSIVE;
				CLANG_WARN_UNREACHABLE_CODE = YES;
				CLANG_WARN__DUPLICATE_METHOD_MATCH = YES;
				COPY_PHASE_STRIP = NO;
				DEBUG_INFORMATION_FORMAT = "dwarf-with-dsym";
				ENABLE_NS_ASSERTIONS = NO;
				ENABLE_STRICT_OBJC_MSGSEND = YES;
				GCC_C_LANGUAGE_STANDARD = gnu11;
				GCC_NO_COMMON_BLOCKS = YES;
				GCC_WARN_64_TO_32_BIT_CONVERSION = YES;
				GCC_WARN_ABOUT_RETURN_TYPE = YES_ERROR;
				GCC_WARN_UNDECLARED_SELECTOR = YES;
				GCC_WARN_UNINITIALIZED_AUTOS = YES_AGGRESSIVE;
				GCC_WARN_UNUSED_FUNCTION = YES;
				GCC_WARN_UNUSED_VARIABLE = YES;
				IPHONEOS_DEPLOYMENT_TARGET = 14.3;
				MTL_ENABLE_DEBUG_INFO = NO;
				MTL_FAST_MATH = YES;
				SDKROOT = iphoneos;
				SWIFT_COMPILATION_MODE = wholemodule;
				SWIFT_OPTIMIZATION_LEVEL = "-O";
				VALIDATE_PRODUCT = YES;
			};
			name = Release;
		};
		88BCA6412660C27A00E59328 /* Debug */ = {
			isa = XCBuildConfiguration;
			buildSettings = {
				ASSETCATALOG_COMPILER_APPICON_NAME = AppIcon;
				ASSETCATALOG_COMPILER_GLOBAL_ACCENT_COLOR_NAME = AccentColor;
				CODE_SIGN_STYLE = Automatic;
				DEVELOPMENT_TEAM = 44ZWCLCJ2W;
				INFOPLIST_FILE = Valtranslate/Info.plist;
				LD_RUNPATH_SEARCH_PATHS = (
					"$(inherited)",
					"@executable_path/Frameworks",
				);
				PRODUCT_BUNDLE_IDENTIFIER = valter.Valtranslate;
				PRODUCT_NAME = "$(TARGET_NAME)";
				SWIFT_VERSION = 5.0;
				TARGETED_DEVICE_FAMILY = "1,2";
			};
			name = Debug;
		};
		88BCA6422660C27A00E59328 /* Release */ = {
			isa = XCBuildConfiguration;
			buildSettings = {
				ASSETCATALOG_COMPILER_APPICON_NAME = AppIcon;
				ASSETCATALOG_COMPILER_GLOBAL_ACCENT_COLOR_NAME = AccentColor;
				CODE_SIGN_STYLE = Automatic;
				DEVELOPMENT_TEAM = 44ZWCLCJ2W;
				INFOPLIST_FILE = Valtranslate/Info.plist;
				LD_RUNPATH_SEARCH_PATHS = (
					"$(inherited)",
					"@executable_path/Frameworks",
				);
				PRODUCT_BUNDLE_IDENTIFIER = valter.Valtranslate;
				PRODUCT_NAME = "$(TARGET_NAME)";
				SWIFT_VERSION = 5.0;
				TARGETED_DEVICE_FAMILY = "1,2";
			};
			name = Release;
		};
/* End XCBuildConfiguration section */

/* Begin XCConfigurationList section */
		88BCA6272660C27700E59328 /* Build configuration list for PBXProject "Valtranslate" */ = {
			isa = XCConfigurationList;
			buildConfigurations = (
				88BCA63E2660C27A00E59328 /* Debug */,
				88BCA63F2660C27A00E59328 /* Release */,
			);
			defaultConfigurationIsVisible = 0;
			defaultConfigurationName = Release;
		};
		88BCA6402660C27A00E59328 /* Build configuration list for PBXNativeTarget "Valtranslate" */ = {
			isa = XCConfigurationList;
			buildConfigurations = (
				88BCA6412660C27A00E59328 /* Debug */,
				88BCA6422660C27A00E59328 /* Release */,
			);
			defaultConfigurationIsVisible = 0;
			defaultConfigurationName = Release;
		};
/* End XCConfigurationList section */

/* Begin XCRemoteSwiftPackageReference section */
		883A20EC2667D92300C8C950 /* XCRemoteSwiftPackageReference "RxRealm" */ = {
			isa = XCRemoteSwiftPackageReference;
			repositoryURL = "https://github.com/RxSwiftCommunity/RxRealm";
			requirement = {
				kind = upToNextMajorVersion;
				minimumVersion = 4.0.0;
			};
		};
		88FDEA83266374EC006F2060 /* XCRemoteSwiftPackageReference "Moya" */ = {
			isa = XCRemoteSwiftPackageReference;
			repositoryURL = "https://github.com/Moya/Moya";
			requirement = {
				kind = upToNextMajorVersion;
				minimumVersion = 14.0.1;
			};
		};
		88FDEA89266375AA006F2060 /* XCRemoteSwiftPackageReference "SnapKit" */ = {
			isa = XCRemoteSwiftPackageReference;
			repositoryURL = "https://github.com/SnapKit/SnapKit";
			requirement = {
				kind = upToNextMajorVersion;
				minimumVersion = 5.0.1;
			};
		};
		88FF3FCC26638E3A00152989 /* XCRemoteSwiftPackageReference "RxSwift" */ = {
			isa = XCRemoteSwiftPackageReference;
			repositoryURL = "https://github.com/ReactiveX/RxSwift";
			requirement = {
				kind = upToNextMajorVersion;
				minimumVersion = 5.0.0;
			};
		};
/* End XCRemoteSwiftPackageReference section */

/* Begin XCSwiftPackageProductDependency section */
		883A20ED2667D92300C8C950 /* RxRealm */ = {
			isa = XCSwiftPackageProductDependency;
			package = 883A20EC2667D92300C8C950 /* XCRemoteSwiftPackageReference "RxRealm" */;
			productName = RxRealm;
		};
		88FDEA84266374EC006F2060 /* Moya */ = {
			isa = XCSwiftPackageProductDependency;
			package = 88FDEA83266374EC006F2060 /* XCRemoteSwiftPackageReference "Moya" */;
			productName = Moya;
		};
		88FDEA86266374EC006F2060 /* RxMoya */ = {
			isa = XCSwiftPackageProductDependency;
			package = 88FDEA83266374EC006F2060 /* XCRemoteSwiftPackageReference "Moya" */;
			productName = RxMoya;
		};
		88FDEA8A266375AA006F2060 /* SnapKit */ = {
			isa = XCSwiftPackageProductDependency;
			package = 88FDEA89266375AA006F2060 /* XCRemoteSwiftPackageReference "SnapKit" */;
			productName = SnapKit;
		};
		88FF3FCD26638E3A00152989 /* RxCocoa */ = {
			isa = XCSwiftPackageProductDependency;
			package = 88FF3FCC26638E3A00152989 /* XCRemoteSwiftPackageReference "RxSwift" */;
			productName = RxCocoa;
		};
		88FF3FCF26638E3A00152989 /* RxSwift */ = {
			isa = XCSwiftPackageProductDependency;
			package = 88FF3FCC26638E3A00152989 /* XCRemoteSwiftPackageReference "RxSwift" */;
			productName = RxSwift;
		};
/* End XCSwiftPackageProductDependency section */
	};
	rootObject = 88BCA6242660C27700E59328 /* Project object */;
}
